// !$*UTF8*$!
{
	archiveVersion = 1;
	classes = {
	};
	objectVersion = 51;
	objects = {

/* Begin PBXBuildFile section */
		0E0E9B60A5AD063D0E92E52C /* Pods_PryanikyTestTask.framework in Frameworks */ = {isa = PBXBuildFile; fileRef = 2CF1DCA2E24C843DE3AC4B54 /* Pods_PryanikyTestTask.framework */; };
		5D19FB6224BDC07B0085898E /* AppDelegate.swift in Sources */ = {isa = PBXBuildFile; fileRef = 5D19FB6124BDC07B0085898E /* AppDelegate.swift */; };
		5D19FB6424BDC07B0085898E /* SceneDelegate.swift in Sources */ = {isa = PBXBuildFile; fileRef = 5D19FB6324BDC07B0085898E /* SceneDelegate.swift */; };
		5D19FB6924BDC07B0085898E /* Main.storyboard in Resources */ = {isa = PBXBuildFile; fileRef = 5D19FB6724BDC07B0085898E /* Main.storyboard */; };
		5D19FB6B24BDC07C0085898E /* Assets.xcassets in Resources */ = {isa = PBXBuildFile; fileRef = 5D19FB6A24BDC07C0085898E /* Assets.xcassets */; };
		5D19FB6E24BDC07C0085898E /* LaunchScreen.storyboard in Resources */ = {isa = PBXBuildFile; fileRef = 5D19FB6C24BDC07C0085898E /* LaunchScreen.storyboard */; };
		5D19FB7924BDC10C0085898E /* Data.swift in Sources */ = {isa = PBXBuildFile; fileRef = 5D19FB7824BDC10C0085898E /* Data.swift */; };
		5D19FB7B24BDC1F00085898E /* NetService.swift in Sources */ = {isa = PBXBuildFile; fileRef = 5D19FB7A24BDC1F00085898E /* NetService.swift */; };
		5D19FB7D24BDC7120085898E /* MainViewController.swift in Sources */ = {isa = PBXBuildFile; fileRef = 5D19FB7C24BDC7120085898E /* MainViewController.swift */; };
		5D19FB7F24BDCB520085898E /* TableViewCell.swift in Sources */ = {isa = PBXBuildFile; fileRef = 5D19FB7E24BDCB520085898E /* TableViewCell.swift */; };
		5D2E73C124BE20A400E77B67 /* SecondTableViewCell.swift in Sources */ = {isa = PBXBuildFile; fileRef = 5D2E73C024BE20A400E77B67 /* SecondTableViewCell.swift */; };
		5D2E73C324BE36AA00E77B67 /* ThirdTableViewCell.swift in Sources */ = {isa = PBXBuildFile; fileRef = 5D2E73C224BE36AA00E77B67 /* ThirdTableViewCell.swift */; };
/* End PBXBuildFile section */

/* Begin PBXFileReference section */
		160BCEC15D40E287EE2547C8 /* Pods-PryanikyTestTask.debug.xcconfig */ = {isa = PBXFileReference; includeInIndex = 1; lastKnownFileType = text.xcconfig; name = "Pods-PryanikyTestTask.debug.xcconfig"; path = "Target Support Files/Pods-PryanikyTestTask/Pods-PryanikyTestTask.debug.xcconfig"; sourceTree = "<group>"; };
		2CF1DCA2E24C843DE3AC4B54 /* Pods_PryanikyTestTask.framework */ = {isa = PBXFileReference; explicitFileType = wrapper.framework; includeInIndex = 0; path = Pods_PryanikyTestTask.framework; sourceTree = BUILT_PRODUCTS_DIR; };
		5D19FB5E24BDC07B0085898E /* PryanikyTestTask.app */ = {isa = PBXFileReference; explicitFileType = wrapper.application; includeInIndex = 0; path = PryanikyTestTask.app; sourceTree = BUILT_PRODUCTS_DIR; };
		5D19FB6124BDC07B0085898E /* AppDelegate.swift */ = {isa = PBXFileReference; lastKnownFileType = sourcecode.swift; path = AppDelegate.swift; sourceTree = "<group>"; };
		5D19FB6324BDC07B0085898E /* SceneDelegate.swift */ = {isa = PBXFileReference; lastKnownFileType = sourcecode.swift; path = SceneDelegate.swift; sourceTree = "<group>"; };
		5D19FB6824BDC07B0085898E /* Base */ = {isa = PBXFileReference; lastKnownFileType = file.storyboard; name = Base; path = Base.lproj/Main.storyboard; sourceTree = "<group>"; };
		5D19FB6A24BDC07C0085898E /* Assets.xcassets */ = {isa = PBXFileReference; lastKnownFileType = folder.assetcatalog; path = Assets.xcassets; sourceTree = "<group>"; };
		5D19FB6D24BDC07C0085898E /* Base */ = {isa = PBXFileReference; lastKnownFileType = file.storyboard; name = Base; path = Base.lproj/LaunchScreen.storyboard; sourceTree = "<group>"; };
		5D19FB6F24BDC07C0085898E /* Info.plist */ = {isa = PBXFileReference; lastKnownFileType = text.plist.xml; path = Info.plist; sourceTree = "<group>"; };
		5D19FB7824BDC10C0085898E /* Data.swift */ = {isa = PBXFileReference; lastKnownFileType = sourcecode.swift; path = Data.swift; sourceTree = "<group>"; };
		5D19FB7A24BDC1F00085898E /* NetService.swift */ = {isa = PBXFileReference; lastKnownFileType = sourcecode.swift; path = NetService.swift; sourceTree = "<group>"; };
		5D19FB7C24BDC7120085898E /* MainViewController.swift */ = {isa = PBXFileReference; lastKnownFileType = sourcecode.swift; path = MainViewController.swift; sourceTree = "<group>"; };
		5D19FB7E24BDCB520085898E /* TableViewCell.swift */ = {isa = PBXFileReference; lastKnownFileType = sourcecode.swift; path = TableViewCell.swift; sourceTree = "<group>"; };
		5D2E73C024BE20A400E77B67 /* SecondTableViewCell.swift */ = {isa = PBXFileReference; lastKnownFileType = sourcecode.swift; path = SecondTableViewCell.swift; sourceTree = "<group>"; };
		5D2E73C224BE36AA00E77B67 /* ThirdTableViewCell.swift */ = {isa = PBXFileReference; lastKnownFileType = sourcecode.swift; path = ThirdTableViewCell.swift; sourceTree = "<group>"; };
		AE55FA9FA38DA45471F90094 /* Pods-PryanikyTestTask.release.xcconfig */ = {isa = PBXFileReference; includeInIndex = 1; lastKnownFileType = text.xcconfig; name = "Pods-PryanikyTestTask.release.xcconfig"; path = "Target Support Files/Pods-PryanikyTestTask/Pods-PryanikyTestTask.release.xcconfig"; sourceTree = "<group>"; };
/* End PBXFileReference section */

/* Begin PBXFrameworksBuildPhase section */
		5D19FB5B24BDC07B0085898E /* Frameworks */ = {
			isa = PBXFrameworksBuildPhase;
			buildActionMask = 2147483647;
			files = (
				0E0E9B60A5AD063D0E92E52C /* Pods_PryanikyTestTask.framework in Frameworks */,
			);
			runOnlyForDeploymentPostprocessing = 0;
		};
/* End PBXFrameworksBuildPhase section */

/* Begin PBXGroup section */
		33D897B448C0A68D5977CC02 /* Frameworks */ = {
			isa = PBXGroup;
			children = (
				2CF1DCA2E24C843DE3AC4B54 /* Pods_PryanikyTestTask.framework */,
			);
			name = Frameworks;
			sourceTree = "<group>";
		};
		5D19FB5524BDC07B0085898E = {
			isa = PBXGroup;
			children = (
				5D19FB6024BDC07B0085898E /* PryanikyTestTask */,
				5D19FB5F24BDC07B0085898E /* Products */,
				97C0F6472F0C5DD81FC24289 /* Pods */,
				33D897B448C0A68D5977CC02 /* Frameworks */,
			);
			sourceTree = "<group>";
		};
		5D19FB5F24BDC07B0085898E /* Products */ = {
			isa = PBXGroup;
			children = (
				5D19FB5E24BDC07B0085898E /* PryanikyTestTask.app */,
			);
			name = Products;
			sourceTree = "<group>";
		};
		5D19FB6024BDC07B0085898E /* PryanikyTestTask */ = {
			isa = PBXGroup;
			children = (
				5D19FB7724BDC0B10085898E /* Presenter */,
				5D19FB7624BDC0A90085898E /* View */,
				5D19FB7524BDC09F0085898E /* Model */,
				5D19FB6124BDC07B0085898E /* AppDelegate.swift */,
				5D19FB6324BDC07B0085898E /* SceneDelegate.swift */,
				5D19FB6A24BDC07C0085898E /* Assets.xcassets */,
				5D19FB6C24BDC07C0085898E /* LaunchScreen.storyboard */,
				5D19FB6F24BDC07C0085898E /* Info.plist */,
			);
			path = PryanikyTestTask;
			sourceTree = "<group>";
		};
		5D19FB7524BDC09F0085898E /* Model */ = {
			isa = PBXGroup;
			children = (
				5D19FB7824BDC10C0085898E /* Data.swift */,
				5D19FB7A24BDC1F00085898E /* NetService.swift */,
			);
			path = Model;
			sourceTree = "<group>";
		};
		5D19FB7624BDC0A90085898E /* View */ = {
			isa = PBXGroup;
			children = (
				5D19FB6724BDC07B0085898E /* Main.storyboard */,
				5D19FB7E24BDCB520085898E /* TableViewCell.swift */,
				5D2E73C024BE20A400E77B67 /* SecondTableViewCell.swift */,
				5D2E73C224BE36AA00E77B67 /* ThirdTableViewCell.swift */,
			);
			path = View;
			sourceTree = "<group>";
		};
		5D19FB7724BDC0B10085898E /* Presenter */ = {
			isa = PBXGroup;
			children = (
				5D19FB7C24BDC7120085898E /* MainViewController.swift */,
			);
			path = Presenter;
			sourceTree = "<group>";
		};
		97C0F6472F0C5DD81FC24289 /* Pods */ = {
			isa = PBXGroup;
			children = (
				160BCEC15D40E287EE2547C8 /* Pods-PryanikyTestTask.debug.xcconfig */,
				AE55FA9FA38DA45471F90094 /* Pods-PryanikyTestTask.release.xcconfig */,
			);
			path = Pods;
			sourceTree = "<group>";
		};
/* End PBXGroup section */

/* Begin PBXNativeTarget section */
		5D19FB5D24BDC07B0085898E /* PryanikyTestTask */ = {
			isa = PBXNativeTarget;
			buildConfigurationList = 5D19FB7224BDC07C0085898E /* Build configuration list for PBXNativeTarget "PryanikyTestTask" */;
			buildPhases = (
				A3C38F76D04C1E6E4A6CA309 /* [CP] Check Pods Manifest.lock */,
				5D19FB5A24BDC07B0085898E /* Sources */,
				5D19FB5B24BDC07B0085898E /* Frameworks */,
				5D19FB5C24BDC07B0085898E /* Resources */,
				7C3CF13260CD75CBD5FAF77C /* [CP] Embed Pods Frameworks */,
			);
			buildRules = (
			);
			dependencies = (
			);
			name = PryanikyTestTask;
			productName = PryanikyTestTask;
			productReference = 5D19FB5E24BDC07B0085898E /* PryanikyTestTask.app */;
			productType = "com.apple.product-type.application";
		};
/* End PBXNativeTarget section */

/* Begin PBXProject section */
		5D19FB5624BDC07B0085898E /* Project object */ = {
			isa = PBXProject;
			attributes = {
				LastSwiftUpdateCheck = 1150;
				LastUpgradeCheck = 1150;
				ORGANIZATIONNAME = "Vit K";
				TargetAttributes = {
					5D19FB5D24BDC07B0085898E = {
						CreatedOnToolsVersion = 11.5;
					};
				};
			};
			buildConfigurationList = 5D19FB5924BDC07B0085898E /* Build configuration list for PBXProject "PryanikyTestTask" */;
			compatibilityVersion = "Xcode 9.3";
			developmentRegion = en;
			hasScannedForEncodings = 0;
			knownRegions = (
				en,
				Base,
			);
			mainGroup = 5D19FB5524BDC07B0085898E;
			productRefGroup = 5D19FB5F24BDC07B0085898E /* Products */;
			projectDirPath = "";
			projectRoot = "";
			targets = (
				5D19FB5D24BDC07B0085898E /* PryanikyTestTask */,
			);
		};
/* End PBXProject section */

/* Begin PBXResourcesBuildPhase section */
		5D19FB5C24BDC07B0085898E /* Resources */ = {
			isa = PBXResourcesBuildPhase;
			buildActionMask = 2147483647;
			files = (
				5D19FB6E24BDC07C0085898E /* LaunchScreen.storyboard in Resources */,
				5D19FB6B24BDC07C0085898E /* Assets.xcassets in Resources */,
				5D19FB6924BDC07B0085898E /* Main.storyboard in Resources */,
			);
			runOnlyForDeploymentPostprocessing = 0;
		};
/* End PBXResourcesBuildPhase section */

/* Begin PBXShellScriptBuildPhase section */
		7C3CF13260CD75CBD5FAF77C /* [CP] Embed Pods Frameworks */ = {
			isa = PBXShellScriptBuildPhase;
			buildActionMask = 2147483647;
			files = (
			);
			inputFileListPaths = (
				"${PODS_ROOT}/Target Support Files/Pods-PryanikyTestTask/Pods-PryanikyTestTask-frameworks-${CONFIGURATION}-input-files.xcfilelist",
			);
			name = "[CP] Embed Pods Frameworks";
			outputFileListPaths = (
				"${PODS_ROOT}/Target Support Files/Pods-PryanikyTestTask/Pods-PryanikyTestTask-frameworks-${CONFIGURATION}-output-files.xcfilelist",
			);
			runOnlyForDeploymentPostprocessing = 0;
			shellPath = /bin/sh;
			shellScript = "\"${PODS_ROOT}/Target Support Files/Pods-PryanikyTestTask/Pods-PryanikyTestTask-frameworks.sh\"\n";
			showEnvVarsInLog = 0;
		};
		A3C38F76D04C1E6E4A6CA309 /* [CP] Check Pods Manifest.lock */ = {
			isa = PBXShellScriptBuildPhase;
			buildActionMask = 2147483647;
			files = (
			);
			inputFileListPaths = (
			);
			inputPaths = (
				"${PODS_PODFILE_DIR_PATH}/Podfile.lock",
				"${PODS_ROOT}/Manifest.lock",
			);
			name = "[CP] Check Pods Manifest.lock";
			outputFileListPaths = (
			);
			outputPaths = (
				"$(DERIVED_FILE_DIR)/Pods-PryanikyTestTask-checkManifestLockResult.txt",
			);
			runOnlyForDeploymentPostprocessing = 0;
			shellPath = /bin/sh;
			shellScript = "diff \"${PODS_PODFILE_DIR_PATH}/Podfile.lock\" \"${PODS_ROOT}/Manifest.lock\" > /dev/null\nif [ $? != 0 ] ; then\n    # print error to STDERR\n    echo \"error: The sandbox is not in sync with the Podfile.lock. Run 'pod install' or update your CocoaPods installation.\" >&2\n    exit 1\nfi\n# This output is used by Xcode 'outputs' to avoid re-running this script phase.\necho \"SUCCESS\" > \"${SCRIPT_OUTPUT_FILE_0}\"\n";
			showEnvVarsInLog = 0;
		};
/* End PBXShellScriptBuildPhase section */

/* Begin PBXSourcesBuildPhase section */
		5D19FB5A24BDC07B0085898E /* Sources */ = {
			isa = PBXSourcesBuildPhase;
			buildActionMask = 2147483647;
			files = (
				5D19FB6224BDC07B0085898E /* AppDelegate.swift in Sources */,
				5D2E73C324BE36AA00E77B67 /* ThirdTableViewCell.swift in Sources */,
				5D19FB7B24BDC1F00085898E /* NetService.swift in Sources */,
				5D19FB7D24BDC7120085898E /* MainViewController.swift in Sources */,
				5D19FB7F24BDCB520085898E /* TableViewCell.swift in Sources */,
				5D19FB6424BDC07B0085898E /* SceneDelegate.swift in Sources */,
				5D2E73C124BE20A400E77B67 /* SecondTableViewCell.swift in Sources */,
				5D19FB7924BDC10C0085898E /* Data.swift in Sources */,
			);
			runOnlyForDeploymentPostprocessing = 0;
		};
/* End PBXSourcesBuildPhase section */

/* Begin PBXVariantGroup section */
		5D19FB6724BDC07B0085898E /* Main.storyboard */ = {
			isa = PBXVariantGroup;
			children = (
				5D19FB6824BDC07B0085898E /* Base */,
			);
			name = Main.storyboard;
			sourceTree = "<group>";
		};
		5D19FB6C24BDC07C0085898E /* LaunchScreen.storyboard */ = {
			isa = PBXVariantGroup;
			children = (
				5D19FB6D24BDC07C0085898E /* Base */,
			);
			name = LaunchScreen.storyboard;
			sourceTree = "<group>";
		};
/* End PBXVariantGroup section */

/* Begin XCBuildConfiguration section */
		5D19FB7024BDC07C0085898E /* Debug */ = {
			isa = XCBuildConfiguration;
			buildSettings = {
				ALWAYS_SEARCH_USER_PATHS = NO;
				CLANG_ANALYZER_NONNULL = YES;
				CLANG_ANALYZER_NUMBER_OBJECT_CONVERSION = YES_AGGRESSIVE;
				CLANG_CXX_LANGUAGE_STANDARD = "gnu++14";
				CLANG_CXX_LIBRARY = "libc++";
				CLANG_ENABLE_MODULES = YES;
				CLANG_ENABLE_OBJC_ARC = YES;
				CLANG_ENABLE_OBJC_WEAK = YES;
				CLANG_WARN_BLOCK_CAPTURE_AUTORELEASING = YES;
				CLANG_WARN_BOOL_CONVERSION = YES;
				CLANG_WARN_COMMA = YES;
				CLANG_WARN_CONSTANT_CONVERSION = YES;
				CLANG_WARN_DEPRECATED_OBJC_IMPLEMENTATIONS = YES;
				CLANG_WARN_DIRECT_OBJC_ISA_USAGE = YES_ERROR;
				CLANG_WARN_DOCUMENTATION_COMMENTS = YES;
				CLANG_WARN_EMPTY_BODY = YES;
				CLANG_WARN_ENUM_CONVERSION = YES;
				CLANG_WARN_INFINITE_RECURSION = YES;
				CLANG_WARN_INT_CONVERSION = YES;
				CLANG_WARN_NON_LITERAL_NULL_CONVERSION = YES;
				CLANG_WARN_OBJC_IMPLICIT_RETAIN_SELF = YES;
				CLANG_WARN_OBJC_LITERAL_CONVERSION = YES;
				CLANG_WARN_OBJC_ROOT_CLASS = YES_ERROR;
				CLANG_WARN_RANGE_LOOP_ANALYSIS = YES;
				CLANG_WARN_STRICT_PROTOTYPES = YES;
				CLANG_WARN_SUSPICIOUS_MOVE = YES;
				CLANG_WARN_UNGUARDED_AVAILABILITY = YES_AGGRESSIVE;
				CLANG_WARN_UNREACHABLE_CODE = YES;
				CLANG_WARN__DUPLICATE_METHOD_MATCH = YES;
				COPY_PHASE_STRIP = NO;
				DEBUG_INFORMATION_FORMAT = dwarf;
				ENABLE_STRICT_OBJC_MSGSEND = YES;
				ENABLE_TESTABILITY = YES;
				GCC_C_LANGUAGE_STANDARD = gnu11;
				GCC_DYNAMIC_NO_PIC = NO;
				GCC_NO_COMMON_BLOCKS = YES;
				GCC_OPTIMIZATION_LEVEL = 0;
				GCC_PREPROCESSOR_DEFINITIONS = (
					"DEBUG=1",
					"$(inherited)",
				);
				GCC_WARN_64_TO_32_BIT_CONVERSION = YES;
				GCC_WARN_ABOUT_RETURN_TYPE = YES_ERROR;
				GCC_WARN_UNDECLARED_SELECTOR = YES;
				GCC_WARN_UNINITIALIZED_AUTOS = YES_AGGRESSIVE;
				GCC_WARN_UNUSED_FUNCTION = YES;
				GCC_WARN_UNUSED_VARIABLE = YES;
				IPHONEOS_DEPLOYMENT_TARGET = 13.5;
				MTL_ENABLE_DEBUG_INFO = INCLUDE_SOURCE;
				MTL_FAST_MATH = YES;
				ONLY_ACTIVE_ARCH = YES;
				SDKROOT = iphoneos;
				SWIFT_ACTIVE_COMPILATION_CONDITIONS = DEBUG;
				SWIFT_OPTIMIZATION_LEVEL = "-Onone";
			};
			name = Debug;
		};
		5D19FB7124BDC07C0085898E /* Release */ = {
			isa = XCBuildConfiguration;
			buildSettings = {
				ALWAYS_SEARCH_USER_PATHS = NO;
				CLANG_ANALYZER_NONNULL = YES;
				CLANG_ANALYZER_NUMBER_OBJECT_CONVERSION = YES_AGGRESSIVE;
				CLANG_CXX_LANGUAGE_STANDARD = "gnu++14";
				CLANG_CXX_LIBRARY = "libc++";
				CLANG_ENABLE_MODULES = YES;
				CLANG_ENABLE_OBJC_ARC = YES;
				CLANG_ENABLE_OBJC_WEAK = YES;
				CLANG_WARN_BLOCK_CAPTURE_AUTORELEASING = YES;
				CLANG_WARN_BOOL_CONVERSION = YES;
				CLANG_WARN_COMMA = YES;
				CLANG_WARN_CONSTANT_CONVERSION = YES;
				CLANG_WARN_DEPRECATED_OBJC_IMPLEMENTATIONS = YES;
				CLANG_WARN_DIRECT_OBJC_ISA_USAGE = YES_ERROR;
				CLANG_WARN_DOCUMENTATION_COMMENTS = YES;
				CLANG_WARN_EMPTY_BODY = YES;
				CLANG_WARN_ENUM_CONVERSION = YES;
				CLANG_WARN_INFINITE_RECURSION = YES;
				CLANG_WARN_INT_CONVERSION = YES;
				CLANG_WARN_NON_LITERAL_NULL_CONVERSION = YES;
				CLANG_WARN_OBJC_IMPLICIT_RETAIN_SELF = YES;
				CLANG_WARN_OBJC_LITERAL_CONVERSION = YES;
				CLANG_WARN_OBJC_ROOT_CLASS = YES_ERROR;
				CLANG_WARN_RANGE_LOOP_ANALYSIS = YES;
				CLANG_WARN_STRICT_PROTOTYPES = YES;
				CLANG_WARN_SUSPICIOUS_MOVE = YES;
				CLANG_WARN_UNGUARDED_AVAILABILITY = YES_AGGRESSIVE;
				CLANG_WARN_UNREACHABLE_CODE = YES;
				CLANG_WARN__DUPLICATE_METHOD_MATCH = YES;
				COPY_PHASE_STRIP = NO;
				DEBUG_INFORMATION_FORMAT = "dwarf-with-dsym";
				ENABLE_NS_ASSERTIONS = NO;
				ENABLE_STRICT_OBJC_MSGSEND = YES;
				GCC_C_LANGUAGE_STANDARD = gnu11;
				GCC_NO_COMMON_BLOCKS = YES;
				GCC_WARN_64_TO_32_BIT_CONVERSION = YES;
				GCC_WARN_ABOUT_RETURN_TYPE = YES_ERROR;
				GCC_WARN_UNDECLARED_SELECTOR = YES;
				GCC_WARN_UNINITIALIZED_AUTOS = YES_AGGRESSIVE;
				GCC_WARN_UNUSED_FUNCTION = YES;
				GCC_WARN_UNUSED_VARIABLE = YES;
				IPHONEOS_DEPLOYMENT_TARGET = 13.5;
				MTL_ENABLE_DEBUG_INFO = NO;
				MTL_FAST_MATH = YES;
				SDKROOT = iphoneos;
				SWIFT_COMPILATION_MODE = wholemodule;
				SWIFT_OPTIMIZATION_LEVEL = "-O";
				VALIDATE_PRODUCT = YES;
			};
			name = Release;
		};
		5D19FB7324BDC07C0085898E /* Debug */ = {
			isa = XCBuildConfiguration;
			baseConfigurationReference = 160BCEC15D40E287EE2547C8 /* Pods-PryanikyTestTask.debug.xcconfig */;
			buildSettings = {
				ASSETCATALOG_COMPILER_APPICON_NAME = AppIcon;
				CODE_SIGN_STYLE = Automatic;
				DEVELOPMENT_TEAM = Q5PBRQ5CWD;
				INFOPLIST_FILE = PryanikyTestTask/Info.plist;
				LD_RUNPATH_SEARCH_PATHS = (
					"$(inherited)",
					"@executable_path/Frameworks",
				);
				PRODUCT_BUNDLE_IDENTIFIER = Vit.PryanikyTestTask;
				PRODUCT_NAME = "$(TARGET_NAME)";
				SWIFT_VERSION = 5.0;
				TARGETED_DEVICE_FAMILY = "1,2";
			};
			name = Debug;
		};
		5D19FB7424BDC07C0085898E /* Release */ = {
			isa = XCBuildConfiguration;
			baseConfigurationReference = AE55FA9FA38DA45471F90094 /* Pods-PryanikyTestTask.release.xcconfig */;
			buildSettings = {
				ASSETCATALOG_COMPILER_APPICON_NAME = AppIcon;
				CODE_SIGN_STYLE = Automatic;
				DEVELOPMENT_TEAM = Q5PBRQ5CWD;
				INFOPLIST_FILE = PryanikyTestTask/Info.plist;
				LD_RUNPATH_SEARCH_PATHS = (
					"$(inherited)",
					"@executable_path/Frameworks",
				);
				PRODUCT_BUNDLE_IDENTIFIER = Vit.PryanikyTestTask;
				PRODUCT_NAME = "$(TARGET_NAME)";
				SWIFT_VERSION = 5.0;
				TARGETED_DEVICE_FAMILY = "1,2";
			};
			name = Release;
		};
/* End XCBuildConfiguration section */

/* Begin XCConfigurationList section */
		5D19FB5924BDC07B0085898E /* Build configuration list for PBXProject "PryanikyTestTask" */ = {
			isa = XCConfigurationList;
			buildConfigurations = (
				5D19FB7024BDC07C0085898E /* Debug */,
				5D19FB7124BDC07C0085898E /* Release */,
			);
			defaultConfigurationIsVisible = 0;
			defaultConfigurationName = Release;
		};
		5D19FB7224BDC07C0085898E /* Build configuration list for PBXNativeTarget "PryanikyTestTask" */ = {
			isa = XCConfigurationList;
			buildConfigurations = (
				5D19FB7324BDC07C0085898E /* Debug */,
				5D19FB7424BDC07C0085898E /* Release */,
			);
			defaultConfigurationIsVisible = 0;
			defaultConfigurationName = Release;
		};
/* End XCConfigurationList section */
	};
	rootObject = 5D19FB5624BDC07B0085898E /* Project object */;
}
