// !$*UTF8*$!
{
	archiveVersion = 1;
	classes = {
	};
	objectVersion = 51;
	objects = {

/* Begin PBXBuildFile section */
		0CCE6AC3F00E725A25CFE0F0 /* Pods_HalfPieCharts.framework in Frameworks */ = {isa = PBXBuildFile; fileRef = CCFCEC9C00792748E137F2C7 /* Pods_HalfPieCharts.framework */; };
		5D020B6D24DC3D6200CBADC5 /* AppDelegate.swift in Sources */ = {isa = PBXBuildFile; fileRef = 5D020B6C24DC3D6200CBADC5 /* AppDelegate.swift */; };
		5D020B6F24DC3D6200CBADC5 /* SceneDelegate.swift in Sources */ = {isa = PBXBuildFile; fileRef = 5D020B6E24DC3D6200CBADC5 /* SceneDelegate.swift */; };
		5D020B7424DC3D6200CBADC5 /* Main.storyboard in Resources */ = {isa = PBXBuildFile; fileRef = 5D020B7224DC3D6200CBADC5 /* Main.storyboard */; };
		5D020B7624DC3D6400CBADC5 /* Assets.xcassets in Resources */ = {isa = PBXBuildFile; fileRef = 5D020B7524DC3D6400CBADC5 /* Assets.xcassets */; };
		5D020B7924DC3D6400CBADC5 /* LaunchScreen.storyboard in Resources */ = {isa = PBXBuildFile; fileRef = 5D020B7724DC3D6400CBADC5 /* LaunchScreen.storyboard */; };
		5D020B8324DC410C00CBADC5 /* FirstVC.swift in Sources */ = {isa = PBXBuildFile; fileRef = 5D020B8224DC410C00CBADC5 /* FirstVC.swift */; };
		5D27520124E46BD90070F2B2 /* HeightVC.swift in Sources */ = {isa = PBXBuildFile; fileRef = 5D27520024E46BD90070F2B2 /* HeightVC.swift */; };
		5D27520324E4757D0070F2B2 /* PhoneVC.swift in Sources */ = {isa = PBXBuildFile; fileRef = 5D27520224E4757D0070F2B2 /* PhoneVC.swift */; };
		5D30CFBF24DC968800612018 /* SecondVC.swift in Sources */ = {isa = PBXBuildFile; fileRef = 5D30CFBE24DC968800612018 /* SecondVC.swift */; };
		5D30CFC124DC974A00612018 /* Extension.swift in Sources */ = {isa = PBXBuildFile; fileRef = 5D30CFC024DC974A00612018 /* Extension.swift */; };
		5DB7975024E060D70034C9E5 /* SplashVC.swift in Sources */ = {isa = PBXBuildFile; fileRef = 5DB7974F24E060D70034C9E5 /* SplashVC.swift */; };
		5DB7975224E068330034C9E5 /* GenderSelectionVC.swift in Sources */ = {isa = PBXBuildFile; fileRef = 5DB7975124E068330034C9E5 /* GenderSelectionVC.swift */; };
		5DB7975424E08B400034C9E5 /* AgeSelectionVC.swift in Sources */ = {isa = PBXBuildFile; fileRef = 5DB7975324E08B400034C9E5 /* AgeSelectionVC.swift */; };
		5DC3C15924E5AEFA00DD1161 /* Shadow.swift in Sources */ = {isa = PBXBuildFile; fileRef = 5DC3C15824E5AEFA00DD1161 /* Shadow.swift */; };
		5DE9299124E1BC960065A91B /* Singleton.swift in Sources */ = {isa = PBXBuildFile; fileRef = 5DE9299024E1BC960065A91B /* Singleton.swift */; };
		5DE9299324E1C8970065A91B /* WeighVC.swift in Sources */ = {isa = PBXBuildFile; fileRef = 5DE9299224E1C8970065A91B /* WeighVC.swift */; };
		5DE9299524E1D1BB0065A91B /* Keys.swift in Sources */ = {isa = PBXBuildFile; fileRef = 5DE9299424E1D1BB0065A91B /* Keys.swift */; };
/* End PBXBuildFile section */

/* Begin PBXFileReference section */
		09C463FE9171F61E706EA846 /* Pods-HalfPieCharts.release.xcconfig */ = {isa = PBXFileReference; includeInIndex = 1; lastKnownFileType = text.xcconfig; name = "Pods-HalfPieCharts.release.xcconfig"; path = "Target Support Files/Pods-HalfPieCharts/Pods-HalfPieCharts.release.xcconfig"; sourceTree = "<group>"; };
		5D020B6924DC3D6200CBADC5 /* HalfPieCharts.app */ = {isa = PBXFileReference; explicitFileType = wrapper.application; includeInIndex = 0; path = HalfPieCharts.app; sourceTree = BUILT_PRODUCTS_DIR; };
		5D020B6C24DC3D6200CBADC5 /* AppDelegate.swift */ = {isa = PBXFileReference; lastKnownFileType = sourcecode.swift; path = AppDelegate.swift; sourceTree = "<group>"; };
		5D020B6E24DC3D6200CBADC5 /* SceneDelegate.swift */ = {isa = PBXFileReference; lastKnownFileType = sourcecode.swift; path = SceneDelegate.swift; sourceTree = "<group>"; };
		5D020B7324DC3D6200CBADC5 /* Base */ = {isa = PBXFileReference; lastKnownFileType = file.storyboard; name = Base; path = Base.lproj/Main.storyboard; sourceTree = "<group>"; };
		5D020B7524DC3D6400CBADC5 /* Assets.xcassets */ = {isa = PBXFileReference; lastKnownFileType = folder.assetcatalog; path = Assets.xcassets; sourceTree = "<group>"; };
		5D020B7824DC3D6400CBADC5 /* Base */ = {isa = PBXFileReference; lastKnownFileType = file.storyboard; name = Base; path = Base.lproj/LaunchScreen.storyboard; sourceTree = "<group>"; };
		5D020B7A24DC3D6400CBADC5 /* Info.plist */ = {isa = PBXFileReference; lastKnownFileType = text.plist.xml; path = Info.plist; sourceTree = "<group>"; };
		5D020B8224DC410C00CBADC5 /* FirstVC.swift */ = {isa = PBXFileReference; lastKnownFileType = sourcecode.swift; path = FirstVC.swift; sourceTree = "<group>"; };
		5D27520024E46BD90070F2B2 /* HeightVC.swift */ = {isa = PBXFileReference; lastKnownFileType = sourcecode.swift; path = HeightVC.swift; sourceTree = "<group>"; };
		5D27520224E4757D0070F2B2 /* PhoneVC.swift */ = {isa = PBXFileReference; lastKnownFileType = sourcecode.swift; path = PhoneVC.swift; sourceTree = "<group>"; };
		5D30CFBE24DC968800612018 /* SecondVC.swift */ = {isa = PBXFileReference; lastKnownFileType = sourcecode.swift; path = SecondVC.swift; sourceTree = "<group>"; };
		5D30CFC024DC974A00612018 /* Extension.swift */ = {isa = PBXFileReference; lastKnownFileType = sourcecode.swift; path = Extension.swift; sourceTree = "<group>"; };
		5DB7974F24E060D70034C9E5 /* SplashVC.swift */ = {isa = PBXFileReference; lastKnownFileType = sourcecode.swift; path = SplashVC.swift; sourceTree = "<group>"; };
		5DB7975124E068330034C9E5 /* GenderSelectionVC.swift */ = {isa = PBXFileReference; lastKnownFileType = sourcecode.swift; path = GenderSelectionVC.swift; sourceTree = "<group>"; };
		5DB7975324E08B400034C9E5 /* AgeSelectionVC.swift */ = {isa = PBXFileReference; lastKnownFileType = sourcecode.swift; path = AgeSelectionVC.swift; sourceTree = "<group>"; };
		5DC3C15824E5AEFA00DD1161 /* Shadow.swift */ = {isa = PBXFileReference; lastKnownFileType = sourcecode.swift; path = Shadow.swift; sourceTree = "<group>"; };
		5DE9299024E1BC960065A91B /* Singleton.swift */ = {isa = PBXFileReference; lastKnownFileType = sourcecode.swift; path = Singleton.swift; sourceTree = "<group>"; };
		5DE9299224E1C8970065A91B /* WeighVC.swift */ = {isa = PBXFileReference; lastKnownFileType = sourcecode.swift; path = WeighVC.swift; sourceTree = "<group>"; };
		5DE9299424E1D1BB0065A91B /* Keys.swift */ = {isa = PBXFileReference; lastKnownFileType = sourcecode.swift; path = Keys.swift; sourceTree = "<group>"; };
		CCFCEC9C00792748E137F2C7 /* Pods_HalfPieCharts.framework */ = {isa = PBXFileReference; explicitFileType = wrapper.framework; includeInIndex = 0; path = Pods_HalfPieCharts.framework; sourceTree = BUILT_PRODUCTS_DIR; };
		DE915EB68AA53CB4E2A5DEC8 /* Pods-HalfPieCharts.debug.xcconfig */ = {isa = PBXFileReference; includeInIndex = 1; lastKnownFileType = text.xcconfig; name = "Pods-HalfPieCharts.debug.xcconfig"; path = "Target Support Files/Pods-HalfPieCharts/Pods-HalfPieCharts.debug.xcconfig"; sourceTree = "<group>"; };
/* End PBXFileReference section */

/* Begin PBXFrameworksBuildPhase section */
		5D020B6624DC3D6200CBADC5 /* Frameworks */ = {
			isa = PBXFrameworksBuildPhase;
			buildActionMask = 2147483647;
			files = (
				0CCE6AC3F00E725A25CFE0F0 /* Pods_HalfPieCharts.framework in Frameworks */,
			);
			runOnlyForDeploymentPostprocessing = 0;
		};
/* End PBXFrameworksBuildPhase section */

/* Begin PBXGroup section */
		5D020B6024DC3D6200CBADC5 = {
			isa = PBXGroup;
			children = (
				5D020B6B24DC3D6200CBADC5 /* HalfPieCharts */,
				5D020B6A24DC3D6200CBADC5 /* Products */,
				C9FB92314217225DB8894B72 /* Pods */,
				B347A91F46CEFB3283C0A984 /* Frameworks */,
			);
			sourceTree = "<group>";
		};
		5D020B6A24DC3D6200CBADC5 /* Products */ = {
			isa = PBXGroup;
			children = (
				5D020B6924DC3D6200CBADC5 /* HalfPieCharts.app */,
			);
			name = Products;
			sourceTree = "<group>";
		};
		5D020B6B24DC3D6200CBADC5 /* HalfPieCharts */ = {
			isa = PBXGroup;
			children = (
				5D020B7224DC3D6200CBADC5 /* Main.storyboard */,
				5DB7974E24E060A90034C9E5 /* Registration */,
				5DE9298F24E1BC720065A91B /* Model */,
				5DC3C15724E5AED100DD1161 /* CustomClasses */,
				5D020B8124DC40CE00CBADC5 /* Controllers */,
				5D020B8024DC408700CBADC5 /* Other Files */,
				5D020B7524DC3D6400CBADC5 /* Assets.xcassets */,
				5D020B7A24DC3D6400CBADC5 /* Info.plist */,
				5D30CFC024DC974A00612018 /* Extension.swift */,
			);
			path = HalfPieCharts;
			sourceTree = "<group>";
		};
		5D020B8024DC408700CBADC5 /* Other Files */ = {
			isa = PBXGroup;
			children = (
				5D020B6E24DC3D6200CBADC5 /* SceneDelegate.swift */,
				5D020B7724DC3D6400CBADC5 /* LaunchScreen.storyboard */,
				5D020B6C24DC3D6200CBADC5 /* AppDelegate.swift */,
			);
			path = "Other Files";
			sourceTree = "<group>";
		};
		5D020B8124DC40CE00CBADC5 /* Controllers */ = {
			isa = PBXGroup;
			children = (
				5D020B8224DC410C00CBADC5 /* FirstVC.swift */,
				5D30CFBE24DC968800612018 /* SecondVC.swift */,
			);
			path = Controllers;
			sourceTree = "<group>";
		};
		5DB7974E24E060A90034C9E5 /* Registration */ = {
			isa = PBXGroup;
			children = (
				5DB7974F24E060D70034C9E5 /* SplashVC.swift */,
				5DB7975124E068330034C9E5 /* GenderSelectionVC.swift */,
				5DB7975324E08B400034C9E5 /* AgeSelectionVC.swift */,
				5DE9299224E1C8970065A91B /* WeighVC.swift */,
				5D27520024E46BD90070F2B2 /* HeightVC.swift */,
				5D27520224E4757D0070F2B2 /* PhoneVC.swift */,
			);
			path = Registration;
			sourceTree = "<group>";
		};
		5DC3C15724E5AED100DD1161 /* CustomClasses */ = {
			isa = PBXGroup;
			children = (
				5DC3C15824E5AEFA00DD1161 /* Shadow.swift */,
			);
			path = CustomClasses;
			sourceTree = "<group>";
		};
		5DE9298F24E1BC720065A91B /* Model */ = {
			isa = PBXGroup;
			children = (
				5DE9299024E1BC960065A91B /* Singleton.swift */,
				5DE9299424E1D1BB0065A91B /* Keys.swift */,
			);
			path = Model;
			sourceTree = "<group>";
		};
		B347A91F46CEFB3283C0A984 /* Frameworks */ = {
			isa = PBXGroup;
			children = (
				CCFCEC9C00792748E137F2C7 /* Pods_HalfPieCharts.framework */,
			);
			name = Frameworks;
			sourceTree = "<group>";
		};
		C9FB92314217225DB8894B72 /* Pods */ = {
			isa = PBXGroup;
			children = (
				DE915EB68AA53CB4E2A5DEC8 /* Pods-HalfPieCharts.debug.xcconfig */,
				09C463FE9171F61E706EA846 /* Pods-HalfPieCharts.release.xcconfig */,
			);
			path = Pods;
			sourceTree = "<group>";
		};
/* End PBXGroup section */

/* Begin PBXNativeTarget section */
		5D020B6824DC3D6200CBADC5 /* HalfPieCharts */ = {
			isa = PBXNativeTarget;
			buildConfigurationList = 5D020B7D24DC3D6400CBADC5 /* Build configuration list for PBXNativeTarget "HalfPieCharts" */;
			buildPhases = (
				A6483ECB44F2172ADF94CAD1 /* [CP] Check Pods Manifest.lock */,
				5D020B6524DC3D6200CBADC5 /* Sources */,
				5D020B6624DC3D6200CBADC5 /* Frameworks */,
				5D020B6724DC3D6200CBADC5 /* Resources */,
				EE6A927F75D24C77540D8B16 /* [CP] Embed Pods Frameworks */,
			);
			buildRules = (
			);
			dependencies = (
			);
			name = HalfPieCharts;
			productName = HalfPieCharts;
			productReference = 5D020B6924DC3D6200CBADC5 /* HalfPieCharts.app */;
			productType = "com.apple.product-type.application";
		};
/* End PBXNativeTarget section */

/* Begin PBXProject section */
		5D020B6124DC3D6200CBADC5 /* Project object */ = {
			isa = PBXProject;
			attributes = {
				LastSwiftUpdateCheck = 1150;
				LastUpgradeCheck = 1150;
				ORGANIZATIONNAME = "Vit K";
				TargetAttributes = {
					5D020B6824DC3D6200CBADC5 = {
						CreatedOnToolsVersion = 11.5;
					};
				};
			};
			buildConfigurationList = 5D020B6424DC3D6200CBADC5 /* Build configuration list for PBXProject "HalfPieCharts" */;
			compatibilityVersion = "Xcode 9.3";
			developmentRegion = en;
			hasScannedForEncodings = 0;
			knownRegions = (
				en,
				Base,
			);
			mainGroup = 5D020B6024DC3D6200CBADC5;
			productRefGroup = 5D020B6A24DC3D6200CBADC5 /* Products */;
			projectDirPath = "";
			projectRoot = "";
			targets = (
				5D020B6824DC3D6200CBADC5 /* HalfPieCharts */,
			);
		};
/* End PBXProject section */

/* Begin PBXResourcesBuildPhase section */
		5D020B6724DC3D6200CBADC5 /* Resources */ = {
			isa = PBXResourcesBuildPhase;
			buildActionMask = 2147483647;
			files = (
				5D020B7924DC3D6400CBADC5 /* LaunchScreen.storyboard in Resources */,
				5D020B7624DC3D6400CBADC5 /* Assets.xcassets in Resources */,
				5D020B7424DC3D6200CBADC5 /* Main.storyboard in Resources */,
			);
			runOnlyForDeploymentPostprocessing = 0;
		};
/* End PBXResourcesBuildPhase section */

/* Begin PBXShellScriptBuildPhase section */
		A6483ECB44F2172ADF94CAD1 /* [CP] Check Pods Manifest.lock */ = {
			isa = PBXShellScriptBuildPhase;
			buildActionMask = 2147483647;
			files = (
			);
			inputFileListPaths = (
			);
			inputPaths = (
				"${PODS_PODFILE_DIR_PATH}/Podfile.lock",
				"${PODS_ROOT}/Manifest.lock",
			);
			name = "[CP] Check Pods Manifest.lock";
			outputFileListPaths = (
			);
			outputPaths = (
				"$(DERIVED_FILE_DIR)/Pods-HalfPieCharts-checkManifestLockResult.txt",
			);
			runOnlyForDeploymentPostprocessing = 0;
			shellPath = /bin/sh;
			shellScript = "diff \"${PODS_PODFILE_DIR_PATH}/Podfile.lock\" \"${PODS_ROOT}/Manifest.lock\" > /dev/null\nif [ $? != 0 ] ; then\n    # print error to STDERR\n    echo \"error: The sandbox is not in sync with the Podfile.lock. Run 'pod install' or update your CocoaPods installation.\" >&2\n    exit 1\nfi\n# This output is used by Xcode 'outputs' to avoid re-running this script phase.\necho \"SUCCESS\" > \"${SCRIPT_OUTPUT_FILE_0}\"\n";
			showEnvVarsInLog = 0;
		};
		EE6A927F75D24C77540D8B16 /* [CP] Embed Pods Frameworks */ = {
			isa = PBXShellScriptBuildPhase;
			buildActionMask = 2147483647;
			files = (
			);
			inputFileListPaths = (
				"${PODS_ROOT}/Target Support Files/Pods-HalfPieCharts/Pods-HalfPieCharts-frameworks-${CONFIGURATION}-input-files.xcfilelist",
			);
			name = "[CP] Embed Pods Frameworks";
			outputFileListPaths = (
				"${PODS_ROOT}/Target Support Files/Pods-HalfPieCharts/Pods-HalfPieCharts-frameworks-${CONFIGURATION}-output-files.xcfilelist",
			);
			runOnlyForDeploymentPostprocessing = 0;
			shellPath = /bin/sh;
			shellScript = "\"${PODS_ROOT}/Target Support Files/Pods-HalfPieCharts/Pods-HalfPieCharts-frameworks.sh\"\n";
			showEnvVarsInLog = 0;
		};
/* End PBXShellScriptBuildPhase section */

/* Begin PBXSourcesBuildPhase section */
		5D020B6524DC3D6200CBADC5 /* Sources */ = {
			isa = PBXSourcesBuildPhase;
			buildActionMask = 2147483647;
			files = (
				5D30CFC124DC974A00612018 /* Extension.swift in Sources */,
				5DE9299324E1C8970065A91B /* WeighVC.swift in Sources */,
				5DE9299124E1BC960065A91B /* Singleton.swift in Sources */,
				5D27520124E46BD90070F2B2 /* HeightVC.swift in Sources */,
				5D020B6D24DC3D6200CBADC5 /* AppDelegate.swift in Sources */,
				5DC3C15924E5AEFA00DD1161 /* Shadow.swift in Sources */,
				5DE9299524E1D1BB0065A91B /* Keys.swift in Sources */,
				5D27520324E4757D0070F2B2 /* PhoneVC.swift in Sources */,
				5D020B8324DC410C00CBADC5 /* FirstVC.swift in Sources */,
				5DB7975424E08B400034C9E5 /* AgeSelectionVC.swift in Sources */,
				5DB7975224E068330034C9E5 /* GenderSelectionVC.swift in Sources */,
				5D30CFBF24DC968800612018 /* SecondVC.swift in Sources */,
				5D020B6F24DC3D6200CBADC5 /* SceneDelegate.swift in Sources */,
				5DB7975024E060D70034C9E5 /* SplashVC.swift in Sources */,
			);
			runOnlyForDeploymentPostprocessing = 0;
		};
/* End PBXSourcesBuildPhase section */

/* Begin PBXVariantGroup section */
		5D020B7224DC3D6200CBADC5 /* Main.storyboard */ = {
			isa = PBXVariantGroup;
			children = (
				5D020B7324DC3D6200CBADC5 /* Base */,
			);
			name = Main.storyboard;
			sourceTree = "<group>";
		};
		5D020B7724DC3D6400CBADC5 /* LaunchScreen.storyboard */ = {
			isa = PBXVariantGroup;
			children = (
				5D020B7824DC3D6400CBADC5 /* Base */,
			);
			name = LaunchScreen.storyboard;
			sourceTree = "<group>";
		};
/* End PBXVariantGroup section */

/* Begin XCBuildConfiguration section */
		5D020B7B24DC3D6400CBADC5 /* Debug */ = {
			isa = XCBuildConfiguration;
			buildSettings = {
				ALWAYS_SEARCH_USER_PATHS = NO;
				CLANG_ANALYZER_NONNULL = YES;
				CLANG_ANALYZER_NUMBER_OBJECT_CONVERSION = YES_AGGRESSIVE;
				CLANG_CXX_LANGUAGE_STANDARD = "gnu++14";
				CLANG_CXX_LIBRARY = "libc++";
				CLANG_ENABLE_MODULES = YES;
				CLANG_ENABLE_OBJC_ARC = YES;
				CLANG_ENABLE_OBJC_WEAK = YES;
				CLANG_WARN_BLOCK_CAPTURE_AUTORELEASING = YES;
				CLANG_WARN_BOOL_CONVERSION = YES;
				CLANG_WARN_COMMA = YES;
				CLANG_WARN_CONSTANT_CONVERSION = YES;
				CLANG_WARN_DEPRECATED_OBJC_IMPLEMENTATIONS = YES;
				CLANG_WARN_DIRECT_OBJC_ISA_USAGE = YES_ERROR;
				CLANG_WARN_DOCUMENTATION_COMMENTS = YES;
				CLANG_WARN_EMPTY_BODY = YES;
				CLANG_WARN_ENUM_CONVERSION = YES;
				CLANG_WARN_INFINITE_RECURSION = YES;
				CLANG_WARN_INT_CONVERSION = YES;
				CLANG_WARN_NON_LITERAL_NULL_CONVERSION = YES;
				CLANG_WARN_OBJC_IMPLICIT_RETAIN_SELF = YES;
				CLANG_WARN_OBJC_LITERAL_CONVERSION = YES;
				CLANG_WARN_OBJC_ROOT_CLASS = YES_ERROR;
				CLANG_WARN_RANGE_LOOP_ANALYSIS = YES;
				CLANG_WARN_STRICT_PROTOTYPES = YES;
				CLANG_WARN_SUSPICIOUS_MOVE = YES;
				CLANG_WARN_UNGUARDED_AVAILABILITY = YES_AGGRESSIVE;
				CLANG_WARN_UNREACHABLE_CODE = YES;
				CLANG_WARN__DUPLICATE_METHOD_MATCH = YES;
				COPY_PHASE_STRIP = NO;
				DEBUG_INFORMATION_FORMAT = dwarf;
				ENABLE_STRICT_OBJC_MSGSEND = YES;
				ENABLE_TESTABILITY = YES;
				GCC_C_LANGUAGE_STANDARD = gnu11;
				GCC_DYNAMIC_NO_PIC = NO;
				GCC_NO_COMMON_BLOCKS = YES;
				GCC_OPTIMIZATION_LEVEL = 0;
				GCC_PREPROCESSOR_DEFINITIONS = (
					"DEBUG=1",
					"$(inherited)",
				);
				GCC_WARN_64_TO_32_BIT_CONVERSION = YES;
				GCC_WARN_ABOUT_RETURN_TYPE = YES_ERROR;
				GCC_WARN_UNDECLARED_SELECTOR = YES;
				GCC_WARN_UNINITIALIZED_AUTOS = YES_AGGRESSIVE;
				GCC_WARN_UNUSED_FUNCTION = YES;
				GCC_WARN_UNUSED_VARIABLE = YES;
				IPHONEOS_DEPLOYMENT_TARGET = 13.5;
				MTL_ENABLE_DEBUG_INFO = INCLUDE_SOURCE;
				MTL_FAST_MATH = YES;
				ONLY_ACTIVE_ARCH = YES;
				SDKROOT = iphoneos;
				SWIFT_ACTIVE_COMPILATION_CONDITIONS = DEBUG;
				SWIFT_OPTIMIZATION_LEVEL = "-Onone";
			};
			name = Debug;
		};
		5D020B7C24DC3D6400CBADC5 /* Release */ = {
			isa = XCBuildConfiguration;
			buildSettings = {
				ALWAYS_SEARCH_USER_PATHS = NO;
				CLANG_ANALYZER_NONNULL = YES;
				CLANG_ANALYZER_NUMBER_OBJECT_CONVERSION = YES_AGGRESSIVE;
				CLANG_CXX_LANGUAGE_STANDARD = "gnu++14";
				CLANG_CXX_LIBRARY = "libc++";
				CLANG_ENABLE_MODULES = YES;
				CLANG_ENABLE_OBJC_ARC = YES;
				CLANG_ENABLE_OBJC_WEAK = YES;
				CLANG_WARN_BLOCK_CAPTURE_AUTORELEASING = YES;
				CLANG_WARN_BOOL_CONVERSION = YES;
				CLANG_WARN_COMMA = YES;
				CLANG_WARN_CONSTANT_CONVERSION = YES;
				CLANG_WARN_DEPRECATED_OBJC_IMPLEMENTATIONS = YES;
				CLANG_WARN_DIRECT_OBJC_ISA_USAGE = YES_ERROR;
				CLANG_WARN_DOCUMENTATION_COMMENTS = YES;
				CLANG_WARN_EMPTY_BODY = YES;
				CLANG_WARN_ENUM_CONVERSION = YES;
				CLANG_WARN_INFINITE_RECURSION = YES;
				CLANG_WARN_INT_CONVERSION = YES;
				CLANG_WARN_NON_LITERAL_NULL_CONVERSION = YES;
				CLANG_WARN_OBJC_IMPLICIT_RETAIN_SELF = YES;
				CLANG_WARN_OBJC_LITERAL_CONVERSION = YES;
				CLANG_WARN_OBJC_ROOT_CLASS = YES_ERROR;
				CLANG_WARN_RANGE_LOOP_ANALYSIS = YES;
				CLANG_WARN_STRICT_PROTOTYPES = YES;
				CLANG_WARN_SUSPICIOUS_MOVE = YES;
				CLANG_WARN_UNGUARDED_AVAILABILITY = YES_AGGRESSIVE;
				CLANG_WARN_UNREACHABLE_CODE = YES;
				CLANG_WARN__DUPLICATE_METHOD_MATCH = YES;
				COPY_PHASE_STRIP = NO;
				DEBUG_INFORMATION_FORMAT = "dwarf-with-dsym";
				ENABLE_NS_ASSERTIONS = NO;
				ENABLE_STRICT_OBJC_MSGSEND = YES;
				GCC_C_LANGUAGE_STANDARD = gnu11;
				GCC_NO_COMMON_BLOCKS = YES;
				GCC_WARN_64_TO_32_BIT_CONVERSION = YES;
				GCC_WARN_ABOUT_RETURN_TYPE = YES_ERROR;
				GCC_WARN_UNDECLARED_SELECTOR = YES;
				GCC_WARN_UNINITIALIZED_AUTOS = YES_AGGRESSIVE;
				GCC_WARN_UNUSED_FUNCTION = YES;
				GCC_WARN_UNUSED_VARIABLE = YES;
				IPHONEOS_DEPLOYMENT_TARGET = 13.5;
				MTL_ENABLE_DEBUG_INFO = NO;
				MTL_FAST_MATH = YES;
				SDKROOT = iphoneos;
				SWIFT_COMPILATION_MODE = wholemodule;
				SWIFT_OPTIMIZATION_LEVEL = "-O";
				VALIDATE_PRODUCT = YES;
			};
			name = Release;
		};
		5D020B7E24DC3D6400CBADC5 /* Debug */ = {
			isa = XCBuildConfiguration;
			baseConfigurationReference = DE915EB68AA53CB4E2A5DEC8 /* Pods-HalfPieCharts.debug.xcconfig */;
			buildSettings = {
				ASSETCATALOG_COMPILER_APPICON_NAME = AppIcon;
				CODE_SIGN_STYLE = Automatic;
				DEVELOPMENT_TEAM = Q5PBRQ5CWD;
				INFOPLIST_FILE = HalfPieCharts/Info.plist;
				LD_RUNPATH_SEARCH_PATHS = (
					"$(inherited)",
					"@executable_path/Frameworks",
				);
				PRODUCT_BUNDLE_IDENTIFIER = Vit.HalfPieCharts;
				PRODUCT_NAME = "$(TARGET_NAME)";
				SWIFT_VERSION = 5.0;
				TARGETED_DEVICE_FAMILY = "1,2";
			};
			name = Debug;
		};
		5D020B7F24DC3D6400CBADC5 /* Release */ = {
			isa = XCBuildConfiguration;
			baseConfigurationReference = 09C463FE9171F61E706EA846 /* Pods-HalfPieCharts.release.xcconfig */;
			buildSettings = {
				ASSETCATALOG_COMPILER_APPICON_NAME = AppIcon;
				CODE_SIGN_STYLE = Automatic;
				DEVELOPMENT_TEAM = Q5PBRQ5CWD;
				INFOPLIST_FILE = HalfPieCharts/Info.plist;
				LD_RUNPATH_SEARCH_PATHS = (
					"$(inherited)",
					"@executable_path/Frameworks",
				);
				PRODUCT_BUNDLE_IDENTIFIER = Vit.HalfPieCharts;
				PRODUCT_NAME = "$(TARGET_NAME)";
				SWIFT_VERSION = 5.0;
				TARGETED_DEVICE_FAMILY = "1,2";
			};
			name = Release;
		};
/* End XCBuildConfiguration section */

/* Begin XCConfigurationList section */
		5D020B6424DC3D6200CBADC5 /* Build configuration list for PBXProject "HalfPieCharts" */ = {
			isa = XCConfigurationList;
			buildConfigurations = (
				5D020B7B24DC3D6400CBADC5 /* Debug */,
				5D020B7C24DC3D6400CBADC5 /* Release */,
			);
			defaultConfigurationIsVisible = 0;
			defaultConfigurationName = Release;
		};
		5D020B7D24DC3D6400CBADC5 /* Build configuration list for PBXNativeTarget "HalfPieCharts" */ = {
			isa = XCConfigurationList;
			buildConfigurations = (
				5D020B7E24DC3D6400CBADC5 /* Debug */,
				5D020B7F24DC3D6400CBADC5 /* Release */,
			);
			defaultConfigurationIsVisible = 0;
			defaultConfigurationName = Release;
		};
/* End XCConfigurationList section */
	};
	rootObject = 5D020B6124DC3D6200CBADC5 /* Project object */;
}
